
Microsoft Visual Studio Solution File, Format Version 12.00
# Visual Studio 14
VisualStudioVersion = 14.0.25420.1
MinimumVisualStudioVersion = 10.0.40219.1
Project("{FAE04EC0-301F-11D3-BF4B-00C04F79EFBC}") = "OpaqueMail", "OpaqueMail\OpaqueMail.csproj", "{BF21D27F-72AD-492E-8219-6C82C2330C72}"
EndProject
Project("{FAE04EC0-301F-11D3-BF4B-00C04F79EFBC}") = "OpaqueMail.TestClient", "OpaqueMail.TestClient\OpaqueMail.TestClient.csproj", "{C1BC8A46-7219-4831-A917-2BD87CF8D972}"
EndProject
Project("{2150E333-8FDC-42A3-9474-1A3956D46DE8}") = "Solution Items", "Solution Items", "{1E3374C3-7C9B-4FAA-B1C6-B3609E903428}"
	ProjectSection(SolutionItems) = preProject
		CHANGELOG.md = CHANGELOG.md
		LICENSE.md = LICENSE.md
		OpaqueMail.doxygen = OpaqueMail.doxygen
		OpaqueMail.doxygen.header.html = OpaqueMail.doxygen.header.html
		OpaqueMail.nupkg = OpaqueMail.nupkg
		README.md = README.md
	EndProjectSection
EndProject
Project("{FAE04EC0-301F-11D3-BF4B-00C04F79EFBC}") = "OpaqueMail.CertHelper", "OpaqueMail.CertHelper\OpaqueMail.CertHelper.csproj", "{9F1402F2-D701-43A5-9AD6-CFA926C31DCE}"
EndProject
Project("{FAE04EC0-301F-11D3-BF4B-00C04F79EFBC}") = "OpaqueMail.Proxy", "OpaqueMail.Proxy\OpaqueMail.Proxy.csproj", "{FBDCF97D-7EF1-470D-A13F-04CAB5911D6B}"
EndProject
Project("{FAE04EC0-301F-11D3-BF4B-00C04F79EFBC}") = "OpaqueMail.ProxyService", "OpaqueMail.ProxyService\OpaqueMail.ProxyService.csproj", "{C8F12621-2E22-48FD-8E52-71F1B059179E}"
EndProject
Project("{FAE04EC0-301F-11D3-BF4B-00C04F79EFBC}") = "OpaqueMail.ProxySettings", "OpaqueMail.ProxySettings\OpaqueMail.ProxySettings.csproj", "{EE9F6184-F918-4FC0-9018-3019DFB8A408}"
EndProject
Global
	GlobalSection(SolutionConfigurationPlatforms) = preSolution
		CD_ROM|Any CPU = CD_ROM|Any CPU
		CD_ROM|ARM = CD_ROM|ARM
		CD_ROM|x64 = CD_ROM|x64
		CD_ROM|x86 = CD_ROM|x86
		Debug|Any CPU = Debug|Any CPU
		Debug|ARM = Debug|ARM
		Debug|x64 = Debug|x64
		Debug|x86 = Debug|x86
		DVD-5|Any CPU = DVD-5|Any CPU
		DVD-5|ARM = DVD-5|ARM
		DVD-5|x64 = DVD-5|x64
		DVD-5|x86 = DVD-5|x86
		Release|Any CPU = Release|Any CPU
		Release|ARM = Release|ARM
		Release|x64 = Release|x64
		Release|x86 = Release|x86
		SingleImage|Any CPU = SingleImage|Any CPU
		SingleImage|ARM = SingleImage|ARM
		SingleImage|x64 = SingleImage|x64
		SingleImage|x86 = SingleImage|x86
	EndGlobalSection
	GlobalSection(ProjectConfigurationPlatforms) = postSolution
		{BF21D27F-72AD-492E-8219-6C82C2330C72}.CD_ROM|Any CPU.ActiveCfg = Release|Any CPU
		{BF21D27F-72AD-492E-8219-6C82C2330C72}.CD_ROM|Any CPU.Build.0 = Release|Any CPU
		{BF21D27F-72AD-492E-8219-6C82C2330C72}.CD_ROM|ARM.ActiveCfg = Release|Any CPU
		{BF21D27F-72AD-492E-8219-6C82C2330C72}.CD_ROM|x64.ActiveCfg = Release|Any CPU
		{BF21D27F-72AD-492E-8219-6C82C2330C72}.CD_ROM|x86.ActiveCfg = Release|Any CPU
		{BF21D27F-72AD-492E-8219-6C82C2330C72}.Debug|Any CPU.ActiveCfg = Debug|Any CPU
		{BF21D27F-72AD-492E-8219-6C82C2330C72}.Debug|Any CPU.Build.0 = Debug|Any CPU
		{BF21D27F-72AD-492E-8219-6C82C2330C72}.Debug|ARM.ActiveCfg = Debug|Any CPU
		{BF21D27F-72AD-492E-8219-6C82C2330C72}.Debug|x64.ActiveCfg = Debug|Any CPU
		{BF21D27F-72AD-492E-8219-6C82C2330C72}.Debug|x86.ActiveCfg = Debug|Any CPU
		{BF21D27F-72AD-492E-8219-6C82C2330C72}.DVD-5|Any CPU.ActiveCfg = Debug|Any CPU
		{BF21D27F-72AD-492E-8219-6C82C2330C72}.DVD-5|Any CPU.Build.0 = Debug|Any CPU
		{BF21D27F-72AD-492E-8219-6C82C2330C72}.DVD-5|ARM.ActiveCfg = Debug|Any CPU
		{BF21D27F-72AD-492E-8219-6C82C2330C72}.DVD-5|x64.ActiveCfg = Debug|Any CPU
		{BF21D27F-72AD-492E-8219-6C82C2330C72}.DVD-5|x86.ActiveCfg = Debug|Any CPU
		{BF21D27F-72AD-492E-8219-6C82C2330C72}.Release|Any CPU.ActiveCfg = Release|Any CPU
		{BF21D27F-72AD-492E-8219-6C82C2330C72}.Release|Any CPU.Build.0 = Release|Any CPU
		{BF21D27F-72AD-492E-8219-6C82C2330C72}.Release|ARM.ActiveCfg = Release|Any CPU
		{BF21D27F-72AD-492E-8219-6C82C2330C72}.Release|x64.ActiveCfg = Release|Any CPU
		{BF21D27F-72AD-492E-8219-6C82C2330C72}.Release|x86.ActiveCfg = Release|Any CPU
		{BF21D27F-72AD-492E-8219-6C82C2330C72}.SingleImage|Any CPU.ActiveCfg = Release|Any CPU
		{BF21D27F-72AD-492E-8219-6C82C2330C72}.SingleImage|Any CPU.Build.0 = Release|Any CPU
		{BF21D27F-72AD-492E-8219-6C82C2330C72}.SingleImage|ARM.ActiveCfg = Release|Any CPU
		{BF21D27F-72AD-492E-8219-6C82C2330C72}.SingleImage|x64.ActiveCfg = Release|Any CPU
		{BF21D27F-72AD-492E-8219-6C82C2330C72}.SingleImage|x86.ActiveCfg = Release|Any CPU
		{C1BC8A46-7219-4831-A917-2BD87CF8D972}.CD_ROM|Any CPU.ActiveCfg = Release|Any CPU
		{C1BC8A46-7219-4831-A917-2BD87CF8D972}.CD_ROM|Any CPU.Build.0 = Release|Any CPU
		{C1BC8A46-7219-4831-A917-2BD87CF8D972}.CD_ROM|ARM.ActiveCfg = Release|Any CPU
		{C1BC8A46-7219-4831-A917-2BD87CF8D972}.CD_ROM|x64.ActiveCfg = Release|Any CPU
		{C1BC8A46-7219-4831-A917-2BD87CF8D972}.CD_ROM|x86.ActiveCfg = Release|Any CPU
		{C1BC8A46-7219-4831-A917-2BD87CF8D972}.Debug|Any CPU.ActiveCfg = Debug|Any CPU
		{C1BC8A46-7219-4831-A917-2BD87CF8D972}.Debug|Any CPU.Build.0 = Debug|Any CPU
		{C1BC8A46-7219-4831-A917-2BD87CF8D972}.Debug|ARM.ActiveCfg = Debug|Any CPU
		{C1BC8A46-7219-4831-A917-2BD87CF8D972}.Debug|x64.ActiveCfg = Debug|Any CPU
		{C1BC8A46-7219-4831-A917-2BD87CF8D972}.Debug|x86.ActiveCfg = Debug|Any CPU
		{C1BC8A46-7219-4831-A917-2BD87CF8D972}.DVD-5|Any CPU.ActiveCfg = Debug|Any CPU
		{C1BC8A46-7219-4831-A917-2BD87CF8D972}.DVD-5|Any CPU.Build.0 = Debug|Any CPU
		{C1BC8A46-7219-4831-A917-2BD87CF8D972}.DVD-5|ARM.ActiveCfg = Debug|Any CPU
		{C1BC8A46-7219-4831-A917-2BD87CF8D972}.DVD-5|x64.ActiveCfg = Debug|Any CPU
		{C1BC8A46-7219-4831-A917-2BD87CF8D972}.DVD-5|x86.ActiveCfg = Debug|Any CPU
		{C1BC8A46-7219-4831-A917-2BD87CF8D972}.Release|Any CPU.ActiveCfg = Release|Any CPU
		{C1BC8A46-7219-4831-A917-2BD87CF8D972}.Release|Any CPU.Build.0 = Release|Any CPU
		{C1BC8A46-7219-4831-A917-2BD87CF8D972}.Release|ARM.ActiveCfg = Release|Any CPU
		{C1BC8A46-7219-4831-A917-2BD87CF8D972}.Release|x64.ActiveCfg = Release|Any CPU
		{C1BC8A46-7219-4831-A917-2BD87CF8D972}.Release|x86.ActiveCfg = Release|Any CPU
		{C1BC8A46-7219-4831-A917-2BD87CF8D972}.SingleImage|Any CPU.ActiveCfg = Release|Any CPU
		{C1BC8A46-7219-4831-A917-2BD87CF8D972}.SingleImage|Any CPU.Build.0 = Release|Any CPU
		{C1BC8A46-7219-4831-A917-2BD87CF8D972}.SingleImage|ARM.ActiveCfg = Release|Any CPU
		{C1BC8A46-7219-4831-A917-2BD87CF8D972}.SingleImage|x64.ActiveCfg = Release|Any CPU
		{C1BC8A46-7219-4831-A917-2BD87CF8D972}.SingleImage|x86.ActiveCfg = Release|Any CPU
		{9F1402F2-D701-43A5-9AD6-CFA926C31DCE}.CD_ROM|Any CPU.ActiveCfg = Release|Any CPU
		{9F1402F2-D701-43A5-9AD6-CFA926C31DCE}.CD_ROM|Any CPU.Build.0 = Release|Any CPU
		{9F1402F2-D701-43A5-9AD6-CFA926C31DCE}.CD_ROM|ARM.ActiveCfg = Release|Any CPU
		{9F1402F2-D701-43A5-9AD6-CFA926C31DCE}.CD_ROM|x64.ActiveCfg = Release|Any CPU
		{9F1402F2-D701-43A5-9AD6-CFA926C31DCE}.CD_ROM|x86.ActiveCfg = Release|Any CPU
		{9F1402F2-D701-43A5-9AD6-CFA926C31DCE}.Debug|Any CPU.ActiveCfg = Debug|Any CPU
		{9F1402F2-D701-43A5-9AD6-CFA926C31DCE}.Debug|Any CPU.Build.0 = Debug|Any CPU
		{9F1402F2-D701-43A5-9AD6-CFA926C31DCE}.Debug|ARM.ActiveCfg = Debug|Any CPU
		{9F1402F2-D701-43A5-9AD6-CFA926C31DCE}.Debug|x64.ActiveCfg = Debug|Any CPU
		{9F1402F2-D701-43A5-9AD6-CFA926C31DCE}.Debug|x86.ActiveCfg = Debug|Any CPU
		{9F1402F2-D701-43A5-9AD6-CFA926C31DCE}.DVD-5|Any CPU.ActiveCfg = Debug|Any CPU
		{9F1402F2-D701-43A5-9AD6-CFA926C31DCE}.DVD-5|Any CPU.Build.0 = Debug|Any CPU
		{9F1402F2-D701-43A5-9AD6-CFA926C31DCE}.DVD-5|ARM.ActiveCfg = Debug|Any CPU
		{9F1402F2-D701-43A5-9AD6-CFA926C31DCE}.DVD-5|x64.ActiveCfg = Debug|Any CPU
		{9F1402F2-D701-43A5-9AD6-CFA926C31DCE}.DVD-5|x86.ActiveCfg = Debug|Any CPU
		{9F1402F2-D701-43A5-9AD6-CFA926C31DCE}.Release|Any CPU.ActiveCfg = Release|Any CPU
		{9F1402F2-D701-43A5-9AD6-CFA926C31DCE}.Release|Any CPU.Build.0 = Release|Any CPU
		{9F1402F2-D701-43A5-9AD6-CFA926C31DCE}.Release|ARM.ActiveCfg = Release|Any CPU
		{9F1402F2-D701-43A5-9AD6-CFA926C31DCE}.Release|x64.ActiveCfg = Release|Any CPU
		{9F1402F2-D701-43A5-9AD6-CFA926C31DCE}.Release|x86.ActiveCfg = Release|Any CPU
		{9F1402F2-D701-43A5-9AD6-CFA926C31DCE}.SingleImage|Any CPU.ActiveCfg = Release|Any CPU
		{9F1402F2-D701-43A5-9AD6-CFA926C31DCE}.SingleImage|Any CPU.Build.0 = Release|Any CPU
		{9F1402F2-D701-43A5-9AD6-CFA926C31DCE}.SingleImage|ARM.ActiveCfg = Release|Any CPU
		{9F1402F2-D701-43A5-9AD6-CFA926C31DCE}.SingleImage|x64.ActiveCfg = Release|Any CPU
		{9F1402F2-D701-43A5-9AD6-CFA926C31DCE}.SingleImage|x86.ActiveCfg = Release|Any CPU
		{FBDCF97D-7EF1-470D-A13F-04CAB5911D6B}.CD_ROM|Any CPU.ActiveCfg = Release|Any CPU
		{FBDCF97D-7EF1-470D-A13F-04CAB5911D6B}.CD_ROM|Any CPU.Build.0 = Release|Any CPU
		{FBDCF97D-7EF1-470D-A13F-04CAB5911D6B}.CD_ROM|ARM.ActiveCfg = Release|Any CPU
		{FBDCF97D-7EF1-470D-A13F-04CAB5911D6B}.CD_ROM|x64.ActiveCfg = Release|Any CPU
		{FBDCF97D-7EF1-470D-A13F-04CAB5911D6B}.CD_ROM|x86.ActiveCfg = Release|Any CPU
		{FBDCF97D-7EF1-470D-A13F-04CAB5911D6B}.Debug|Any CPU.ActiveCfg = Debug|Any CPU
		{FBDCF97D-7EF1-470D-A13F-04CAB5911D6B}.Debug|Any CPU.Build.0 = Debug|Any CPU
		{FBDCF97D-7EF1-470D-A13F-04CAB5911D6B}.Debug|ARM.ActiveCfg = Debug|Any CPU
		{FBDCF97D-7EF1-470D-A13F-04CAB5911D6B}.Debug|x64.ActiveCfg = Debug|Any CPU
		{FBDCF97D-7EF1-470D-A13F-04CAB5911D6B}.Debug|x86.ActiveCfg = Debug|Any CPU
		{FBDCF97D-7EF1-470D-A13F-04CAB5911D6B}.DVD-5|Any CPU.ActiveCfg = Debug|Any CPU
		{FBDCF97D-7EF1-470D-A13F-04CAB5911D6B}.DVD-5|Any CPU.Build.0 = Debug|Any CPU
		{FBDCF97D-7EF1-470D-A13F-04CAB5911D6B}.DVD-5|ARM.ActiveCfg = Debug|Any CPU
		{FBDCF97D-7EF1-470D-A13F-04CAB5911D6B}.DVD-5|x64.ActiveCfg = Debug|Any CPU
		{FBDCF97D-7EF1-470D-A13F-04CAB5911D6B}.DVD-5|x86.ActiveCfg = Debug|Any CPU
		{FBDCF97D-7EF1-470D-A13F-04CAB5911D6B}.Release|Any CPU.ActiveCfg = Release|Any CPU
		{FBDCF97D-7EF1-470D-A13F-04CAB5911D6B}.Release|Any CPU.Build.0 = Release|Any CPU
		{FBDCF97D-7EF1-470D-A13F-04CAB5911D6B}.Release|ARM.ActiveCfg = Release|Any CPU
		{FBDCF97D-7EF1-470D-A13F-04CAB5911D6B}.Release|x64.ActiveCfg = Release|Any CPU
		{FBDCF97D-7EF1-470D-A13F-04CAB5911D6B}.Release|x86.ActiveCfg = Release|Any CPU
		{FBDCF97D-7EF1-470D-A13F-04CAB5911D6B}.SingleImage|Any CPU.ActiveCfg = Release|Any CPU
		{FBDCF97D-7EF1-470D-A13F-04CAB5911D6B}.SingleImage|Any CPU.Build.0 = Release|Any CPU
		{FBDCF97D-7EF1-470D-A13F-04CAB5911D6B}.SingleImage|ARM.ActiveCfg = Release|Any CPU
		{FBDCF97D-7EF1-470D-A13F-04CAB5911D6B}.SingleImage|x64.ActiveCfg = Release|Any CPU
		{FBDCF97D-7EF1-470D-A13F-04CAB5911D6B}.SingleImage|x86.ActiveCfg = Release|Any CPU
		{C8F12621-2E22-48FD-8E52-71F1B059179E}.CD_ROM|Any CPU.ActiveCfg = Release|Any CPU
		{C8F12621-2E22-48FD-8E52-71F1B059179E}.CD_ROM|Any CPU.Build.0 = Release|Any CPU
		{C8F12621-2E22-48FD-8E52-71F1B059179E}.CD_ROM|ARM.ActiveCfg = Release|Any CPU
		{C8F12621-2E22-48FD-8E52-71F1B059179E}.CD_ROM|x64.ActiveCfg = Release|Any CPU
		{C8F12621-2E22-48FD-8E52-71F1B059179E}.CD_ROM|x86.ActiveCfg = Release|Any CPU
		{C8F12621-2E22-48FD-8E52-71F1B059179E}.Debug|Any CPU.ActiveCfg = Debug|Any CPU
		{C8F12621-2E22-48FD-8E52-71F1B059179E}.Debug|Any CPU.Build.0 = Debug|Any CPU
		{C8F12621-2E22-48FD-8E52-71F1B059179E}.Debug|ARM.ActiveCfg = Debug|Any CPU
		{C8F12621-2E22-48FD-8E52-71F1B059179E}.Debug|x64.ActiveCfg = Debug|Any CPU
		{C8F12621-2E22-48FD-8E52-71F1B059179E}.Debug|x86.ActiveCfg = Debug|Any CPU
		{C8F12621-2E22-48FD-8E52-71F1B059179E}.DVD-5|Any CPU.ActiveCfg = Debug|Any CPU
		{C8F12621-2E22-48FD-8E52-71F1B059179E}.DVD-5|Any CPU.Build.0 = Debug|Any CPU
		{C8F12621-2E22-48FD-8E52-71F1B059179E}.DVD-5|ARM.ActiveCfg = Debug|Any CPU
		{C8F12621-2E22-48FD-8E52-71F1B059179E}.DVD-5|x64.ActiveCfg = Debug|Any CPU
		{C8F12621-2E22-48FD-8E52-71F1B059179E}.DVD-5|x86.ActiveCfg = Debug|Any CPU
		{C8F12621-2E22-48FD-8E52-71F1B059179E}.Release|Any CPU.ActiveCfg = Release|Any CPU
		{C8F12621-2E22-48FD-8E52-71F1B059179E}.Release|Any CPU.Build.0 = Release|Any CPU
		{C8F12621-2E22-48FD-8E52-71F1B059179E}.Release|ARM.ActiveCfg = Release|Any CPU
		{C8F12621-2E22-48FD-8E52-71F1B059179E}.Release|x64.ActiveCfg = Release|Any CPU
		{C8F12621-2E22-48FD-8E52-71F1B059179E}.Release|x86.ActiveCfg = Release|Any CPU
		{C8F12621-2E22-48FD-8E52-71F1B059179E}.SingleImage|Any CPU.ActiveCfg = Release|Any CPU
		{C8F12621-2E22-48FD-8E52-71F1B059179E}.SingleImage|Any CPU.Build.0 = Release|Any CPU
		{C8F12621-2E22-48FD-8E52-71F1B059179E}.SingleImage|ARM.ActiveCfg = Release|Any CPU
		{C8F12621-2E22-48FD-8E52-71F1B059179E}.SingleImage|x64.ActiveCfg = Release|Any CPU
		{C8F12621-2E22-48FD-8E52-71F1B059179E}.SingleImage|x86.ActiveCfg = Release|Any CPU
		{EE9F6184-F918-4FC0-9018-3019DFB8A408}.CD_ROM|Any CPU.ActiveCfg = Release|Any CPU
		{EE9F6184-F918-4FC0-9018-3019DFB8A408}.CD_ROM|Any CPU.Build.0 = Release|Any CPU
		{EE9F6184-F918-4FC0-9018-3019DFB8A408}.CD_ROM|ARM.ActiveCfg = Release|Any CPU
		{EE9F6184-F918-4FC0-9018-3019DFB8A408}.CD_ROM|x64.ActiveCfg = Release|Any CPU
		{EE9F6184-F918-4FC0-9018-3019DFB8A408}.CD_ROM|x86.ActiveCfg = Release|Any CPU
		{EE9F6184-F918-4FC0-9018-3019DFB8A408}.Debug|Any CPU.ActiveCfg = Debug|Any CPU
		{EE9F6184-F918-4FC0-9018-3019DFB8A408}.Debug|Any CPU.Build.0 = Debug|Any CPU
		{EE9F6184-F918-4FC0-9018-3019DFB8A408}.Debug|ARM.ActiveCfg = Debug|Any CPU
		{EE9F6184-F918-4FC0-9018-3019DFB8A408}.Debug|x64.ActiveCfg = Debug|Any CPU
		{EE9F6184-F918-4FC0-9018-3019DFB8A408}.Debug|x86.ActiveCfg = Debug|Any CPU
		{EE9F6184-F918-4FC0-9018-3019DFB8A408}.DVD-5|Any CPU.ActiveCfg = Debug|Any CPU
		{EE9F6184-F918-4FC0-9018-3019DFB8A408}.DVD-5|Any CPU.Build.0 = Debug|Any CPU
		{EE9F6184-F918-4FC0-9018-3019DFB8A408}.DVD-5|ARM.ActiveCfg = Debug|Any CPU
		{EE9F6184-F918-4FC0-9018-3019DFB8A408}.DVD-5|x64.ActiveCfg = Debug|Any CPU
		{EE9F6184-F918-4FC0-9018-3019DFB8A408}.DVD-5|x86.ActiveCfg = Debug|Any CPU
		{EE9F6184-F918-4FC0-9018-3019DFB8A408}.Release|Any CPU.ActiveCfg = Release|Any CPU
		{EE9F6184-F918-4FC0-9018-3019DFB8A408}.Release|Any CPU.Build.0 = Release|Any CPU
		{EE9F6184-F918-4FC0-9018-3019DFB8A408}.Release|ARM.ActiveCfg = Release|Any CPU
		{EE9F6184-F918-4FC0-9018-3019DFB8A408}.Release|x64.ActiveCfg = Release|Any CPU
		{EE9F6184-F918-4FC0-9018-3019DFB8A408}.Release|x86.ActiveCfg = Release|Any CPU
		{EE9F6184-F918-4FC0-9018-3019DFB8A408}.SingleImage|Any CPU.ActiveCfg = Release|Any CPU
		{EE9F6184-F918-4FC0-9018-3019DFB8A408}.SingleImage|Any CPU.Build.0 = Release|Any CPU
		{EE9F6184-F918-4FC0-9018-3019DFB8A408}.SingleImage|ARM.ActiveCfg = Release|Any CPU
		{EE9F6184-F918-4FC0-9018-3019DFB8A408}.SingleImage|x64.ActiveCfg = Release|Any CPU
		{EE9F6184-F918-4FC0-9018-3019DFB8A408}.SingleImage|x86.ActiveCfg = Release|Any CPU
	EndGlobalSection
	GlobalSection(SolutionProperties) = preSolution
		HideSolutionNode = FALSE
	EndGlobalSection
EndGlobal
